// !$*UTF8*$!
{
	archiveVersion = 1;
	classes = {
	};
	objectVersion = 50;
	objects = {

/* Begin PBXBuildFile section */
		40273524768569768C79666A /* Pods_TJProj_TJProjUITests.framework in Frameworks */ = {isa = PBXBuildFile; fileRef = BA31BC74AE61B6BCCD3DA8C4 /* Pods_TJProj_TJProjUITests.framework */; };
		9B6AABA624AA4A1500091B62 /* AppDelegate.swift in Sources */ = {isa = PBXBuildFile; fileRef = 9B6AABA524AA4A1500091B62 /* AppDelegate.swift */; };
		9B6AABA824AA4A1500091B62 /* SceneDelegate.swift in Sources */ = {isa = PBXBuildFile; fileRef = 9B6AABA724AA4A1500091B62 /* SceneDelegate.swift */; };
		9B6AABAA24AA4A1500091B62 /* ViewController.swift in Sources */ = {isa = PBXBuildFile; fileRef = 9B6AABA924AA4A1500091B62 /* ViewController.swift */; };
		9B6AABAD24AA4A1500091B62 /* Main.storyboard in Resources */ = {isa = PBXBuildFile; fileRef = 9B6AABAB24AA4A1500091B62 /* Main.storyboard */; };
		9B6AABB024AA4A1500091B62 /* TJProj.xcdatamodeld in Sources */ = {isa = PBXBuildFile; fileRef = 9B6AABAE24AA4A1500091B62 /* TJProj.xcdatamodeld */; };
		9B6AABB224AA4A1600091B62 /* Assets.xcassets in Resources */ = {isa = PBXBuildFile; fileRef = 9B6AABB124AA4A1600091B62 /* Assets.xcassets */; };
		9B6AABB524AA4A1600091B62 /* LaunchScreen.storyboard in Resources */ = {isa = PBXBuildFile; fileRef = 9B6AABB324AA4A1600091B62 /* LaunchScreen.storyboard */; };
		9B6AABC024AA4A1600091B62 /* TJProjTests.swift in Sources */ = {isa = PBXBuildFile; fileRef = 9B6AABBF24AA4A1600091B62 /* TJProjTests.swift */; };
		9B6AABCB24AA4A1600091B62 /* TJProjUITests.swift in Sources */ = {isa = PBXBuildFile; fileRef = 9B6AABCA24AA4A1600091B62 /* TJProjUITests.swift */; };
		CBAB128183DA2450E4CB535A /* Pods_TJProjTests.framework in Frameworks */ = {isa = PBXBuildFile; fileRef = 59518F4AFE237250E01D959B /* Pods_TJProjTests.framework */; };
		F65AEC2A52C317F3B5A3C521 /* Pods_TJProj.framework in Frameworks */ = {isa = PBXBuildFile; fileRef = 011D243C3B4846FD76973CA4 /* Pods_TJProj.framework */; };
/* End PBXBuildFile section */

/* Begin PBXContainerItemProxy section */
		9B6AABBC24AA4A1600091B62 /* PBXContainerItemProxy */ = {
			isa = PBXContainerItemProxy;
			containerPortal = 9B6AAB9A24AA4A1400091B62 /* Project object */;
			proxyType = 1;
			remoteGlobalIDString = 9B6AABA124AA4A1400091B62;
			remoteInfo = TJProj;
		};
		9B6AABC724AA4A1600091B62 /* PBXContainerItemProxy */ = {
			isa = PBXContainerItemProxy;
			containerPortal = 9B6AAB9A24AA4A1400091B62 /* Project object */;
			proxyType = 1;
			remoteGlobalIDString = 9B6AABA124AA4A1400091B62;
			remoteInfo = TJProj;
		};
/* End PBXContainerItemProxy section */

/* Begin PBXFileReference section */
		011D243C3B4846FD76973CA4 /* Pods_TJProj.framework */ = {isa = PBXFileReference; explicitFileType = wrapper.framework; includeInIndex = 0; path = Pods_TJProj.framework; sourceTree = BUILT_PRODUCTS_DIR; };
		2FAC8E4DB987D3EB352512FE /* Pods-TJProj-TJProjUITests.release.xcconfig */ = {isa = PBXFileReference; includeInIndex = 1; lastKnownFileType = text.xcconfig; name = "Pods-TJProj-TJProjUITests.release.xcconfig"; path = "Target Support Files/Pods-TJProj-TJProjUITests/Pods-TJProj-TJProjUITests.release.xcconfig"; sourceTree = "<group>"; };
		309A278A7BC836FF34C734A1 /* Pods-TJProjTests.release.xcconfig */ = {isa = PBXFileReference; includeInIndex = 1; lastKnownFileType = text.xcconfig; name = "Pods-TJProjTests.release.xcconfig"; path = "Target Support Files/Pods-TJProjTests/Pods-TJProjTests.release.xcconfig"; sourceTree = "<group>"; };
		59518F4AFE237250E01D959B /* Pods_TJProjTests.framework */ = {isa = PBXFileReference; explicitFileType = wrapper.framework; includeInIndex = 0; path = Pods_TJProjTests.framework; sourceTree = BUILT_PRODUCTS_DIR; };
		626EB034C7096DD9A1755752 /* Pods-TJProjTests.debug.xcconfig */ = {isa = PBXFileReference; includeInIndex = 1; lastKnownFileType = text.xcconfig; name = "Pods-TJProjTests.debug.xcconfig"; path = "Target Support Files/Pods-TJProjTests/Pods-TJProjTests.debug.xcconfig"; sourceTree = "<group>"; };
		97B2D9C8156FE14EDB30C00B /* Pods-TJProj-TJProjUITests.debug.xcconfig */ = {isa = PBXFileReference; includeInIndex = 1; lastKnownFileType = text.xcconfig; name = "Pods-TJProj-TJProjUITests.debug.xcconfig"; path = "Target Support Files/Pods-TJProj-TJProjUITests/Pods-TJProj-TJProjUITests.debug.xcconfig"; sourceTree = "<group>"; };
		9B6AABA224AA4A1400091B62 /* TJProj.app */ = {isa = PBXFileReference; explicitFileType = wrapper.application; includeInIndex = 0; path = TJProj.app; sourceTree = BUILT_PRODUCTS_DIR; };
		9B6AABA524AA4A1500091B62 /* AppDelegate.swift */ = {isa = PBXFileReference; lastKnownFileType = sourcecode.swift; path = AppDelegate.swift; sourceTree = "<group>"; };
		9B6AABA724AA4A1500091B62 /* SceneDelegate.swift */ = {isa = PBXFileReference; lastKnownFileType = sourcecode.swift; path = SceneDelegate.swift; sourceTree = "<group>"; };
		9B6AABA924AA4A1500091B62 /* ViewController.swift */ = {isa = PBXFileReference; lastKnownFileType = sourcecode.swift; path = ViewController.swift; sourceTree = "<group>"; };
		9B6AABAC24AA4A1500091B62 /* Base */ = {isa = PBXFileReference; lastKnownFileType = file.storyboard; name = Base; path = Base.lproj/Main.storyboard; sourceTree = "<group>"; };
		9B6AABAF24AA4A1500091B62 /* TJProj.xcdatamodel */ = {isa = PBXFileReference; lastKnownFileType = wrapper.xcdatamodel; path = TJProj.xcdatamodel; sourceTree = "<group>"; };
		9B6AABB124AA4A1600091B62 /* Assets.xcassets */ = {isa = PBXFileReference; lastKnownFileType = folder.assetcatalog; path = Assets.xcassets; sourceTree = "<group>"; };
		9B6AABB424AA4A1600091B62 /* Base */ = {isa = PBXFileReference; lastKnownFileType = file.storyboard; name = Base; path = Base.lproj/LaunchScreen.storyboard; sourceTree = "<group>"; };
		9B6AABB624AA4A1600091B62 /* Info.plist */ = {isa = PBXFileReference; lastKnownFileType = text.plist.xml; path = Info.plist; sourceTree = "<group>"; };
		9B6AABBB24AA4A1600091B62 /* TJProjTests.xctest */ = {isa = PBXFileReference; explicitFileType = wrapper.cfbundle; includeInIndex = 0; path = TJProjTests.xctest; sourceTree = BUILT_PRODUCTS_DIR; };
		9B6AABBF24AA4A1600091B62 /* TJProjTests.swift */ = {isa = PBXFileReference; lastKnownFileType = sourcecode.swift; path = TJProjTests.swift; sourceTree = "<group>"; };
		9B6AABC124AA4A1600091B62 /* Info.plist */ = {isa = PBXFileReference; lastKnownFileType = text.plist.xml; path = Info.plist; sourceTree = "<group>"; };
		9B6AABC624AA4A1600091B62 /* TJProjUITests.xctest */ = {isa = PBXFileReference; explicitFileType = wrapper.cfbundle; includeInIndex = 0; path = TJProjUITests.xctest; sourceTree = BUILT_PRODUCTS_DIR; };
		9B6AABCA24AA4A1600091B62 /* TJProjUITests.swift */ = {isa = PBXFileReference; lastKnownFileType = sourcecode.swift; path = TJProjUITests.swift; sourceTree = "<group>"; };
		9B6AABCC24AA4A1600091B62 /* Info.plist */ = {isa = PBXFileReference; lastKnownFileType = text.plist.xml; path = Info.plist; sourceTree = "<group>"; };
		A58992DD48811B2C3B83E645 /* Pods-TJProj.release.xcconfig */ = {isa = PBXFileReference; includeInIndex = 1; lastKnownFileType = text.xcconfig; name = "Pods-TJProj.release.xcconfig"; path = "Target Support Files/Pods-TJProj/Pods-TJProj.release.xcconfig"; sourceTree = "<group>"; };
		BA31BC74AE61B6BCCD3DA8C4 /* Pods_TJProj_TJProjUITests.framework */ = {isa = PBXFileReference; explicitFileType = wrapper.framework; includeInIndex = 0; path = Pods_TJProj_TJProjUITests.framework; sourceTree = BUILT_PRODUCTS_DIR; };
		E89CF6510299B2A855116A31 /* Pods-TJProj.debug.xcconfig */ = {isa = PBXFileReference; includeInIndex = 1; lastKnownFileType = text.xcconfig; name = "Pods-TJProj.debug.xcconfig"; path = "Target Support Files/Pods-TJProj/Pods-TJProj.debug.xcconfig"; sourceTree = "<group>"; };
/* End PBXFileReference section */

/* Begin PBXFrameworksBuildPhase section */
		9B6AAB9F24AA4A1400091B62 /* Frameworks */ = {
			isa = PBXFrameworksBuildPhase;
			buildActionMask = 2147483647;
			files = (
				F65AEC2A52C317F3B5A3C521 /* Pods_TJProj.framework in Frameworks */,
			);
			runOnlyForDeploymentPostprocessing = 0;
		};
		9B6AABB824AA4A1600091B62 /* Frameworks */ = {
			isa = PBXFrameworksBuildPhase;
			buildActionMask = 2147483647;
			files = (
				CBAB128183DA2450E4CB535A /* Pods_TJProjTests.framework in Frameworks */,
			);
			runOnlyForDeploymentPostprocessing = 0;
		};
		9B6AABC324AA4A1600091B62 /* Frameworks */ = {
			isa = PBXFrameworksBuildPhase;
			buildActionMask = 2147483647;
			files = (
				40273524768569768C79666A /* Pods_TJProj_TJProjUITests.framework in Frameworks */,
			);
			runOnlyForDeploymentPostprocessing = 0;
		};
/* End PBXFrameworksBuildPhase section */

/* Begin PBXGroup section */
		540F5803361F7CE85966AE69 /* Pods */ = {
			isa = PBXGroup;
			children = (
				E89CF6510299B2A855116A31 /* Pods-TJProj.debug.xcconfig */,
				A58992DD48811B2C3B83E645 /* Pods-TJProj.release.xcconfig */,
				97B2D9C8156FE14EDB30C00B /* Pods-TJProj-TJProjUITests.debug.xcconfig */,
				2FAC8E4DB987D3EB352512FE /* Pods-TJProj-TJProjUITests.release.xcconfig */,
				626EB034C7096DD9A1755752 /* Pods-TJProjTests.debug.xcconfig */,
				309A278A7BC836FF34C734A1 /* Pods-TJProjTests.release.xcconfig */,
			);
			name = Pods;
			path = Pods;
			sourceTree = "<group>";
		};
		9B6AAB9924AA4A1400091B62 = {
			isa = PBXGroup;
			children = (
				9B6AABA424AA4A1400091B62 /* TJProj */,
				9B6AABBE24AA4A1600091B62 /* TJProjTests */,
				9B6AABC924AA4A1600091B62 /* TJProjUITests */,
				9B6AABA324AA4A1400091B62 /* Products */,
				540F5803361F7CE85966AE69 /* Pods */,
				DC9674EC0E058F68FCDF3820 /* Frameworks */,
			);
			sourceTree = "<group>";
		};
		9B6AABA324AA4A1400091B62 /* Products */ = {
			isa = PBXGroup;
			children = (
				9B6AABA224AA4A1400091B62 /* TJProj.app */,
				9B6AABBB24AA4A1600091B62 /* TJProjTests.xctest */,
				9B6AABC624AA4A1600091B62 /* TJProjUITests.xctest */,
			);
			name = Products;
			sourceTree = "<group>";
		};
		9B6AABA424AA4A1400091B62 /* TJProj */ = {
			isa = PBXGroup;
			children = (
				9B6AABA524AA4A1500091B62 /* AppDelegate.swift */,
				9B6AABA724AA4A1500091B62 /* SceneDelegate.swift */,
				9B6AABA924AA4A1500091B62 /* ViewController.swift */,
				9B6AABAB24AA4A1500091B62 /* Main.storyboard */,
				9B6AABB124AA4A1600091B62 /* Assets.xcassets */,
				9B6AABB324AA4A1600091B62 /* LaunchScreen.storyboard */,
				9B6AABB624AA4A1600091B62 /* Info.plist */,
				9B6AABAE24AA4A1500091B62 /* TJProj.xcdatamodeld */,
			);
			path = TJProj;
			sourceTree = "<group>";
		};
		9B6AABBE24AA4A1600091B62 /* TJProjTests */ = {
			isa = PBXGroup;
			children = (
				9B6AABBF24AA4A1600091B62 /* TJProjTests.swift */,
				9B6AABC124AA4A1600091B62 /* Info.plist */,
			);
			path = TJProjTests;
			sourceTree = "<group>";
		};
		9B6AABC924AA4A1600091B62 /* TJProjUITests */ = {
			isa = PBXGroup;
			children = (
				9B6AABCA24AA4A1600091B62 /* TJProjUITests.swift */,
				9B6AABCC24AA4A1600091B62 /* Info.plist */,
			);
			path = TJProjUITests;
			sourceTree = "<group>";
		};
		DC9674EC0E058F68FCDF3820 /* Frameworks */ = {
			isa = PBXGroup;
			children = (
				011D243C3B4846FD76973CA4 /* Pods_TJProj.framework */,
				BA31BC74AE61B6BCCD3DA8C4 /* Pods_TJProj_TJProjUITests.framework */,
				59518F4AFE237250E01D959B /* Pods_TJProjTests.framework */,
			);
			name = Frameworks;
			sourceTree = "<group>";
		};
/* End PBXGroup section */

/* Begin PBXNativeTarget section */
		9B6AABA124AA4A1400091B62 /* TJProj */ = {
			isa = PBXNativeTarget;
			buildConfigurationList = 9B6AABCF24AA4A1600091B62 /* Build configuration list for PBXNativeTarget "TJProj" */;
			buildPhases = (
				6CC7484ACF5476133FC4865B /* [CP] Check Pods Manifest.lock */,
				9B6AAB9E24AA4A1400091B62 /* Sources */,
				9B6AAB9F24AA4A1400091B62 /* Frameworks */,
				9B6AABA024AA4A1400091B62 /* Resources */,
			);
			buildRules = (
			);
			dependencies = (
			);
			name = TJProj;
			productName = TJProj;
			productReference = 9B6AABA224AA4A1400091B62 /* TJProj.app */;
			productType = "com.apple.product-type.application";
		};
		9B6AABBA24AA4A1600091B62 /* TJProjTests */ = {
			isa = PBXNativeTarget;
			buildConfigurationList = 9B6AABD224AA4A1600091B62 /* Build configuration list for PBXNativeTarget "TJProjTests" */;
			buildPhases = (
				9804D7AA193038F08FD9900C /* [CP] Check Pods Manifest.lock */,
				9B6AABB724AA4A1600091B62 /* Sources */,
				9B6AABB824AA4A1600091B62 /* Frameworks */,
				9B6AABB924AA4A1600091B62 /* Resources */,
			);
			buildRules = (
			);
			dependencies = (
				9B6AABBD24AA4A1600091B62 /* PBXTargetDependency */,
			);
			name = TJProjTests;
			productName = TJProjTests;
			productReference = 9B6AABBB24AA4A1600091B62 /* TJProjTests.xctest */;
			productType = "com.apple.product-type.bundle.unit-test";
		};
		9B6AABC524AA4A1600091B62 /* TJProjUITests */ = {
			isa = PBXNativeTarget;
			buildConfigurationList = 9B6AABD524AA4A1600091B62 /* Build configuration list for PBXNativeTarget "TJProjUITests" */;
			buildPhases = (
				781CB3933B3BD54ED71E5622 /* [CP] Check Pods Manifest.lock */,
				9B6AABC224AA4A1600091B62 /* Sources */,
				9B6AABC324AA4A1600091B62 /* Frameworks */,
				9B6AABC424AA4A1600091B62 /* Resources */,
			);
			buildRules = (
			);
			dependencies = (
				9B6AABC824AA4A1600091B62 /* PBXTargetDependency */,
			);
			name = TJProjUITests;
			productName = TJProjUITests;
			productReference = 9B6AABC624AA4A1600091B62 /* TJProjUITests.xctest */;
			productType = "com.apple.product-type.bundle.ui-testing";
		};
/* End PBXNativeTarget section */

/* Begin PBXProject section */
		9B6AAB9A24AA4A1400091B62 /* Project object */ = {
			isa = PBXProject;
			attributes = {
				LastSwiftUpdateCheck = 1120;
				LastUpgradeCheck = 1120;
				ORGANIZATIONNAME = techjini;
				TargetAttributes = {
					9B6AABA124AA4A1400091B62 = {
						CreatedOnToolsVersion = 11.2.1;
					};
					9B6AABBA24AA4A1600091B62 = {
						CreatedOnToolsVersion = 11.2.1;
						TestTargetID = 9B6AABA124AA4A1400091B62;
					};
					9B6AABC524AA4A1600091B62 = {
						CreatedOnToolsVersion = 11.2.1;
						TestTargetID = 9B6AABA124AA4A1400091B62;
					};
				};
			};
			buildConfigurationList = 9B6AAB9D24AA4A1400091B62 /* Build configuration list for PBXProject "TJProj" */;
			compatibilityVersion = "Xcode 9.3";
			developmentRegion = en;
			hasScannedForEncodings = 0;
			knownRegions = (
				en,
				Base,
			);
			mainGroup = 9B6AAB9924AA4A1400091B62;
			productRefGroup = 9B6AABA324AA4A1400091B62 /* Products */;
			projectDirPath = "";
			projectRoot = "";
			targets = (
				9B6AABA124AA4A1400091B62 /* TJProj */,
				9B6AABBA24AA4A1600091B62 /* TJProjTests */,
				9B6AABC524AA4A1600091B62 /* TJProjUITests */,
			);
		};
/* End PBXProject section */

/* Begin PBXResourcesBuildPhase section */
		9B6AABA024AA4A1400091B62 /* Resources */ = {
			isa = PBXResourcesBuildPhase;
			buildActionMask = 2147483647;
			files = (
				9B6AABB524AA4A1600091B62 /* LaunchScreen.storyboard in Resources */,
				9B6AABB224AA4A1600091B62 /* Assets.xcassets in Resources */,
				9B6AABAD24AA4A1500091B62 /* Main.storyboard in Resources */,
			);
			runOnlyForDeploymentPostprocessing = 0;
		};
		9B6AABB924AA4A1600091B62 /* Resources */ = {
			isa = PBXResourcesBuildPhase;
			buildActionMask = 2147483647;
			files = (
			);
			runOnlyForDeploymentPostprocessing = 0;
		};
		9B6AABC424AA4A1600091B62 /* Resources */ = {
			isa = PBXResourcesBuildPhase;
			buildActionMask = 2147483647;
			files = (
			);
			runOnlyForDeploymentPostprocessing = 0;
		};
/* End PBXResourcesBuildPhase section */

/* Begin PBXShellScriptBuildPhase section */
		6CC7484ACF5476133FC4865B /* [CP] Check Pods Manifest.lock */ = {
			isa = PBXShellScriptBuildPhase;
			buildActionMask = 2147483647;
			files = (
			);
			inputFileListPaths = (
			);
			inputPaths = (
				"${PODS_PODFILE_DIR_PATH}/Podfile.lock",
				"${PODS_ROOT}/Manifest.lock",
			);
			name = "[CP] Check Pods Manifest.lock";
			outputFileListPaths = (
			);
			outputPaths = (
				"$(DERIVED_FILE_DIR)/Pods-TJProj-checkManifestLockResult.txt",
			);
			runOnlyForDeploymentPostprocessing = 0;
			shellPath = /bin/sh;
			shellScript = "diff \"${PODS_PODFILE_DIR_PATH}/Podfile.lock\" \"${PODS_ROOT}/Manifest.lock\" > /dev/null\nif [ $? != 0 ] ; then\n    # print error to STDERR\n    echo \"error: The sandbox is not in sync with the Podfile.lock. Run 'pod install' or update your CocoaPods installation.\" >&2\n    exit 1\nfi\n# This output is used by Xcode 'outputs' to avoid re-running this script phase.\necho \"SUCCESS\" > \"${SCRIPT_OUTPUT_FILE_0}\"\n";
			showEnvVarsInLog = 0;
		};
		781CB3933B3BD54ED71E5622 /* [CP] Check Pods Manifest.lock */ = {
			isa = PBXShellScriptBuildPhase;
			buildActionMask = 2147483647;
			files = (
			);
			inputFileListPaths = (
			);
			inputPaths = (
				"${PODS_PODFILE_DIR_PATH}/Podfile.lock",
				"${PODS_ROOT}/Manifest.lock",
			);
			name = "[CP] Check Pods Manifest.lock";
			outputFileListPaths = (
			);
			outputPaths = (
				"$(DERIVED_FILE_DIR)/Pods-TJProj-TJProjUITests-checkManifestLockResult.txt",
			);
			runOnlyForDeploymentPostprocessing = 0;
			shellPath = /bin/sh;
			shellScript = "diff \"${PODS_PODFILE_DIR_PATH}/Podfile.lock\" \"${PODS_ROOT}/Manifest.lock\" > /dev/null\nif [ $? != 0 ] ; then\n    # print error to STDERR\n    echo \"error: The sandbox is not in sync with the Podfile.lock. Run 'pod install' or update your CocoaPods installation.\" >&2\n    exit 1\nfi\n# This output is used by Xcode 'outputs' to avoid re-running this script phase.\necho \"SUCCESS\" > \"${SCRIPT_OUTPUT_FILE_0}\"\n";
			showEnvVarsInLog = 0;
		};
		9804D7AA193038F08FD9900C /* [CP] Check Pods Manifest.lock */ = {
			isa = PBXShellScriptBuildPhase;
			buildActionMask = 2147483647;
			files = (
			);
			inputFileListPaths = (
			);
			inputPaths = (
				"${PODS_PODFILE_DIR_PATH}/Podfile.lock",
				"${PODS_ROOT}/Manifest.lock",
			);
			name = "[CP] Check Pods Manifest.lock";
			outputFileListPaths = (
			);
			outputPaths = (
				"$(DERIVED_FILE_DIR)/Pods-TJProjTests-checkManifestLockResult.txt",
			);
			runOnlyForDeploymentPostprocessing = 0;
			shellPath = /bin/sh;
			shellScript = "diff \"${PODS_PODFILE_DIR_PATH}/Podfile.lock\" \"${PODS_ROOT}/Manifest.lock\" > /dev/null\nif [ $? != 0 ] ; then\n    # print error to STDERR\n    echo \"error: The sandbox is not in sync with the Podfile.lock. Run 'pod install' or update your CocoaPods installation.\" >&2\n    exit 1\nfi\n# This output is used by Xcode 'outputs' to avoid re-running this script phase.\necho \"SUCCESS\" > \"${SCRIPT_OUTPUT_FILE_0}\"\n";
			showEnvVarsInLog = 0;
		};
/* End PBXShellScriptBuildPhase section */

/* Begin PBXSourcesBuildPhase section */
		9B6AAB9E24AA4A1400091B62 /* Sources */ = {
			isa = PBXSourcesBuildPhase;
			buildActionMask = 2147483647;
			files = (
				9B6AABB024AA4A1500091B62 /* TJProj.xcdatamodeld in Sources */,
				9B6AABAA24AA4A1500091B62 /* ViewController.swift in Sources */,
				9B6AABA624AA4A1500091B62 /* AppDelegate.swift in Sources */,
				9B6AABA824AA4A1500091B62 /* SceneDelegate.swift in Sources */,
			);
			runOnlyForDeploymentPostprocessing = 0;
		};
		9B6AABB724AA4A1600091B62 /* Sources */ = {
			isa = PBXSourcesBuildPhase;
			buildActionMask = 2147483647;
			files = (
				9B6AABC024AA4A1600091B62 /* TJProjTests.swift in Sources */,
			);
			runOnlyForDeploymentPostprocessing = 0;
		};
		9B6AABC224AA4A1600091B62 /* Sources */ = {
			isa = PBXSourcesBuildPhase;
			buildActionMask = 2147483647;
			files = (
				9B6AABCB24AA4A1600091B62 /* TJProjUITests.swift in Sources */,
			);
			runOnlyForDeploymentPostprocessing = 0;
		};
/* End PBXSourcesBuildPhase section */

/* Begin PBXTargetDependency section */
		9B6AABBD24AA4A1600091B62 /* PBXTargetDependency */ = {
			isa = PBXTargetDependency;
			target = 9B6AABA124AA4A1400091B62 /* TJProj */;
			targetProxy = 9B6AABBC24AA4A1600091B62 /* PBXContainerItemProxy */;
		};
		9B6AABC824AA4A1600091B62 /* PBXTargetDependency */ = {
			isa = PBXTargetDependency;
			target = 9B6AABA124AA4A1400091B62 /* TJProj */;
			targetProxy = 9B6AABC724AA4A1600091B62 /* PBXContainerItemProxy */;
		};
/* End PBXTargetDependency section */

/* Begin PBXVariantGroup section */
		9B6AABAB24AA4A1500091B62 /* Main.storyboard */ = {
			isa = PBXVariantGroup;
			children = (
				9B6AABAC24AA4A1500091B62 /* Base */,
			);
			name = Main.storyboard;
			sourceTree = "<group>";
		};
		9B6AABB324AA4A1600091B62 /* LaunchScreen.storyboard */ = {
			isa = PBXVariantGroup;
			children = (
				9B6AABB424AA4A1600091B62 /* Base */,
			);
			name = LaunchScreen.storyboard;
			sourceTree = "<group>";
		};
/* End PBXVariantGroup section */

/* Begin XCBuildConfiguration section */
		9B6AABCD24AA4A1600091B62 /* Debug */ = {
			isa = XCBuildConfiguration;
			buildSettings = {
				ALWAYS_SEARCH_USER_PATHS = NO;
				CLANG_ANALYZER_NONNULL = YES;
				CLANG_ANALYZER_NUMBER_OBJECT_CONVERSION = YES_AGGRESSIVE;
				CLANG_CXX_LANGUAGE_STANDARD = "gnu++14";
				CLANG_CXX_LIBRARY = "libc++";
				CLANG_ENABLE_MODULES = YES;
				CLANG_ENABLE_OBJC_ARC = YES;
				CLANG_ENABLE_OBJC_WEAK = YES;
				CLANG_WARN_BLOCK_CAPTURE_AUTORELEASING = YES;
				CLANG_WARN_BOOL_CONVERSION = YES;
				CLANG_WARN_COMMA = YES;
				CLANG_WARN_CONSTANT_CONVERSION = YES;
				CLANG_WARN_DEPRECATED_OBJC_IMPLEMENTATIONS = YES;
				CLANG_WARN_DIRECT_OBJC_ISA_USAGE = YES_ERROR;
				CLANG_WARN_DOCUMENTATION_COMMENTS = YES;
				CLANG_WARN_EMPTY_BODY = YES;
				CLANG_WARN_ENUM_CONVERSION = YES;
				CLANG_WARN_INFINITE_RECURSION = YES;
				CLANG_WARN_INT_CONVERSION = YES;
				CLANG_WARN_NON_LITERAL_NULL_CONVERSION = YES;
				CLANG_WARN_OBJC_IMPLICIT_RETAIN_SELF = YES;
				CLANG_WARN_OBJC_LITERAL_CONVERSION = YES;
				CLANG_WARN_OBJC_ROOT_CLASS = YES_ERROR;
				CLANG_WARN_RANGE_LOOP_ANALYSIS = YES;
				CLANG_WARN_STRICT_PROTOTYPES = YES;
				CLANG_WARN_SUSPICIOUS_MOVE = YES;
				CLANG_WARN_UNGUARDED_AVAILABILITY = YES_AGGRESSIVE;
				CLANG_WARN_UNREACHABLE_CODE = YES;
				CLANG_WARN__DUPLICATE_METHOD_MATCH = YES;
				COPY_PHASE_STRIP = NO;
				DEBUG_INFORMATION_FORMAT = dwarf;
				ENABLE_STRICT_OBJC_MSGSEND = YES;
				ENABLE_TESTABILITY = YES;
				GCC_C_LANGUAGE_STANDARD = gnu11;
				GCC_DYNAMIC_NO_PIC = NO;
				GCC_NO_COMMON_BLOCKS = YES;
				GCC_OPTIMIZATION_LEVEL = 0;
				GCC_PREPROCESSOR_DEFINITIONS = (
					"DEBUG=1",
					"$(inherited)",
				);
				GCC_WARN_64_TO_32_BIT_CONVERSION = YES;
				GCC_WARN_ABOUT_RETURN_TYPE = YES_ERROR;
				GCC_WARN_UNDECLARED_SELECTOR = YES;
				GCC_WARN_UNINITIALIZED_AUTOS = YES_AGGRESSIVE;
				GCC_WARN_UNUSED_FUNCTION = YES;
				GCC_WARN_UNUSED_VARIABLE = YES;
				IPHONEOS_DEPLOYMENT_TARGET = 13.2;
				MTL_ENABLE_DEBUG_INFO = INCLUDE_SOURCE;
				MTL_FAST_MATH = YES;
				ONLY_ACTIVE_ARCH = YES;
				SDKROOT = iphoneos;
				SWIFT_ACTIVE_COMPILATION_CONDITIONS = DEBUG;
				SWIFT_OPTIMIZATION_LEVEL = "-Onone";
			};
			name = Debug;
		};
		9B6AABCE24AA4A1600091B62 /* Release */ = {
			isa = XCBuildConfiguration;
			buildSettings = {
				ALWAYS_SEARCH_USER_PATHS = NO;
				CLANG_ANALYZER_NONNULL = YES;
				CLANG_ANALYZER_NUMBER_OBJECT_CONVERSION = YES_AGGRESSIVE;
				CLANG_CXX_LANGUAGE_STANDARD = "gnu++14";
				CLANG_CXX_LIBRARY = "libc++";
				CLANG_ENABLE_MODULES = YES;
				CLANG_ENABLE_OBJC_ARC = YES;
				CLANG_ENABLE_OBJC_WEAK = YES;
				CLANG_WARN_BLOCK_CAPTURE_AUTORELEASING = YES;
				CLANG_WARN_BOOL_CONVERSION = YES;
				CLANG_WARN_COMMA = YES;
				CLANG_WARN_CONSTANT_CONVERSION = YES;
				CLANG_WARN_DEPRECATED_OBJC_IMPLEMENTATIONS = YES;
				CLANG_WARN_DIRECT_OBJC_ISA_USAGE = YES_ERROR;
				CLANG_WARN_DOCUMENTATION_COMMENTS = YES;
				CLANG_WARN_EMPTY_BODY = YES;
				CLANG_WARN_ENUM_CONVERSION = YES;
				CLANG_WARN_INFINITE_RECURSION = YES;
				CLANG_WARN_INT_CONVERSION = YES;
				CLANG_WARN_NON_LITERAL_NULL_CONVERSION = YES;
				CLANG_WARN_OBJC_IMPLICIT_RETAIN_SELF = YES;
				CLANG_WARN_OBJC_LITERAL_CONVERSION = YES;
				CLANG_WARN_OBJC_ROOT_CLASS = YES_ERROR;
				CLANG_WARN_RANGE_LOOP_ANALYSIS = YES;
				CLANG_WARN_STRICT_PROTOTYPES = YES;
				CLANG_WARN_SUSPICIOUS_MOVE = YES;
				CLANG_WARN_UNGUARDED_AVAILABILITY = YES_AGGRESSIVE;
				CLANG_WARN_UNREACHABLE_CODE = YES;
				CLANG_WARN__DUPLICATE_METHOD_MATCH = YES;
				COPY_PHASE_STRIP = NO;
				DEBUG_INFORMATION_FORMAT = "dwarf-with-dsym";
				ENABLE_NS_ASSERTIONS = NO;
				ENABLE_STRICT_OBJC_MSGSEND = YES;
				GCC_C_LANGUAGE_STANDARD = gnu11;
				GCC_NO_COMMON_BLOCKS = YES;
				GCC_WARN_64_TO_32_BIT_CONVERSION = YES;
				GCC_WARN_ABOUT_RETURN_TYPE = YES_ERROR;
				GCC_WARN_UNDECLARED_SELECTOR = YES;
				GCC_WARN_UNINITIALIZED_AUTOS = YES_AGGRESSIVE;
				GCC_WARN_UNUSED_FUNCTION = YES;
				GCC_WARN_UNUSED_VARIABLE = YES;
				IPHONEOS_DEPLOYMENT_TARGET = 13.2;
				MTL_ENABLE_DEBUG_INFO = NO;
				MTL_FAST_MATH = YES;
				SDKROOT = iphoneos;
				SWIFT_COMPILATION_MODE = wholemodule;
				SWIFT_OPTIMIZATION_LEVEL = "-O";
				VALIDATE_PRODUCT = YES;
			};
			name = Release;
		};
		9B6AABD024AA4A1600091B62 /* Debug */ = {
			isa = XCBuildConfiguration;
			baseConfigurationReference = E89CF6510299B2A855116A31 /* Pods-TJProj.debug.xcconfig */;
			buildSettings = {
				ASSETCATALOG_COMPILER_APPICON_NAME = AppIcon;
				CODE_SIGN_STYLE = Automatic;
				DEVELOPMENT_TEAM = B4S3JN5XFF;
				INFOPLIST_FILE = TJProj/Info.plist;
				LD_RUNPATH_SEARCH_PATHS = (
					"$(inherited)",
					"@executable_path/Frameworks",
				);
				PRODUCT_BUNDLE_IDENTIFIER = techjini.TJProj;
				PRODUCT_NAME = "$(TARGET_NAME)";
				SWIFT_VERSION = 5.0;
				TARGETED_DEVICE_FAMILY = "1,2";
			};
			name = Debug;
		};
		9B6AABD124AA4A1600091B62 /* Release */ = {
			isa = XCBuildConfiguration;
			baseConfigurationReference = A58992DD48811B2C3B83E645 /* Pods-TJProj.release.xcconfig */;
			buildSettings = {
				ASSETCATALOG_COMPILER_APPICON_NAME = AppIcon;
				CODE_SIGN_STYLE = Automatic;
				DEVELOPMENT_TEAM = B4S3JN5XFF;
				INFOPLIST_FILE = TJProj/Info.plist;
				LD_RUNPATH_SEARCH_PATHS = (
					"$(inherited)",
					"@executable_path/Frameworks",
				);
				PRODUCT_BUNDLE_IDENTIFIER = techjini.TJProj;
				PRODUCT_NAME = "$(TARGET_NAME)";
				SWIFT_VERSION = 5.0;
				TARGETED_DEVICE_FAMILY = "1,2";
			};
			name = Release;
		};
		9B6AABD324AA4A1600091B62 /* Debug */ = {
			isa = XCBuildConfiguration;
			baseConfigurationReference = 626EB034C7096DD9A1755752 /* Pods-TJProjTests.debug.xcconfig */;
			buildSettings = {
				ALWAYS_EMBED_SWIFT_STANDARD_LIBRARIES = YES;
				BUNDLE_LOADER = "$(TEST_HOST)";
				CODE_SIGN_STYLE = Automatic;
				DEVELOPMENT_TEAM = B4S3JN5XFF;
				INFOPLIST_FILE = TJProjTests/Info.plist;
				IPHONEOS_DEPLOYMENT_TARGET = 13.2;
				LD_RUNPATH_SEARCH_PATHS = (
					"$(inherited)",
					"@executable_path/Frameworks",
					"@loader_path/Frameworks",
				);
				PRODUCT_BUNDLE_IDENTIFIER = techjini.TJProjTests;
				PRODUCT_NAME = "$(TARGET_NAME)";
				SWIFT_VERSION = 5.0;
				TARGETED_DEVICE_FAMILY = "1,2";
				TEST_HOST = "$(BUILT_PRODUCTS_DIR)/TJProj.app/TJProj";
			};
			name = Debug;
		};
		9B6AABD424AA4A1600091B62 /* Release */ = {
			isa = XCBuildConfiguration;
			baseConfigurationReference = 309A278A7BC836FF34C734A1 /* Pods-TJProjTests.release.xcconfig */;
			buildSettings = {
				ALWAYS_EMBED_SWIFT_STANDARD_LIBRARIES = YES;
				BUNDLE_LOADER = "$(TEST_HOST)";
				CODE_SIGN_STYLE = Automatic;
				DEVELOPMENT_TEAM = B4S3JN5XFF;
				INFOPLIST_FILE = TJProjTests/Info.plist;
				IPHONEOS_DEPLOYMENT_TARGET = 13.2;
				LD_RUNPATH_SEARCH_PATHS = (
					"$(inherited)",
					"@executable_path/Frameworks",
					"@loader_path/Frameworks",
				);
				PRODUCT_BUNDLE_IDENTIFIER = techjini.TJProjTests;
				PRODUCT_NAME = "$(TARGET_NAME)";
				SWIFT_VERSION = 5.0;
				TARGETED_DEVICE_FAMILY = "1,2";
				TEST_HOST = "$(BUILT_PRODUCTS_DIR)/TJProj.app/TJProj";
			};
			name = Release;
		};
		9B6AABD624AA4A1600091B62 /* Debug */ = {
			isa = XCBuildConfiguration;
			baseConfigurationReference = 97B2D9C8156FE14EDB30C00B /* Pods-TJProj-TJProjUITests.debug.xcconfig */;
			buildSettings = {
				ALWAYS_EMBED_SWIFT_STANDARD_LIBRARIES = YES;
				CODE_SIGN_STYLE = Automatic;
				DEVELOPMENT_TEAM = B4S3JN5XFF;
				INFOPLIST_FILE = TJProjUITests/Info.plist;
				LD_RUNPATH_SEARCH_PATHS = (
					"$(inherited)",
					"@executable_path/Frameworks",
					"@loader_path/Frameworks",
				);
				PRODUCT_BUNDLE_IDENTIFIER = techjini.TJProjUITests;
				PRODUCT_NAME = "$(TARGET_NAME)";
				SWIFT_VERSION = 5.0;
				TARGETED_DEVICE_FAMILY = "1,2";
				TEST_TARGET_NAME = TJProj;
			};
			name = Debug;
		};
		9B6AABD724AA4A1600091B62 /* Release */ = {
			isa = XCBuildConfiguration;
			baseConfigurationReference = 2FAC8E4DB987D3EB352512FE /* Pods-TJProj-TJProjUITests.release.xcconfig */;
			buildSettings = {
				ALWAYS_EMBED_SWIFT_STANDARD_LIBRARIES = YES;
				CODE_SIGN_STYLE = Automatic;
				DEVELOPMENT_TEAM = B4S3JN5XFF;
				INFOPLIST_FILE = TJProjUITests/Info.plist;
				LD_RUNPATH_SEARCH_PATHS = (
					"$(inherited)",
					"@executable_path/Frameworks",
					"@loader_path/Frameworks",
				);
				PRODUCT_BUNDLE_IDENTIFIER = techjini.TJProjUITests;
				PRODUCT_NAME = "$(TARGET_NAME)";
				SWIFT_VERSION = 5.0;
				TARGETED_DEVICE_FAMILY = "1,2";
				TEST_TARGET_NAME = TJProj;
			};
			name = Release;
		};
/* End XCBuildConfiguration section */

/* Begin XCConfigurationList section */
		9B6AAB9D24AA4A1400091B62 /* Build configuration list for PBXProject "TJProj" */ = {
			isa = XCConfigurationList;
			buildConfigurations = (
				9B6AABCD24AA4A1600091B62 /* Debug */,
				9B6AABCE24AA4A1600091B62 /* Release */,
			);
			defaultConfigurationIsVisible = 0;
			defaultConfigurationName = Release;
		};
		9B6AABCF24AA4A1600091B62 /* Build configuration list for PBXNativeTarget "TJProj" */ = {
			isa = XCConfigurationList;
			buildConfigurations = (
				9B6AABD024AA4A1600091B62 /* Debug */,
				9B6AABD124AA4A1600091B62 /* Release */,
			);
			defaultConfigurationIsVisible = 0;
			defaultConfigurationName = Release;
		};
		9B6AABD224AA4A1600091B62 /* Build configuration list for PBXNativeTarget "TJProjTests" */ = {
			isa = XCConfigurationList;
			buildConfigurations = (
				9B6AABD324AA4A1600091B62 /* Debug */,
				9B6AABD424AA4A1600091B62 /* Release */,
			);
			defaultConfigurationIsVisible = 0;
			defaultConfigurationName = Release;
		};
		9B6AABD524AA4A1600091B62 /* Build configuration list for PBXNativeTarget "TJProjUITests" */ = {
			isa = XCConfigurationList;
			buildConfigurations = (
				9B6AABD624AA4A1600091B62 /* Debug */,
				9B6AABD724AA4A1600091B62 /* Release */,
			);
			defaultConfigurationIsVisible = 0;
			defaultConfigurationName = Release;
		};
/* End XCConfigurationList section */

/* Begin XCVersionGroup section */
		9B6AABAE24AA4A1500091B62 /* TJProj.xcdatamodeld */ = {
			isa = XCVersionGroup;
			children = (
				9B6AABAF24AA4A1500091B62 /* TJProj.xcdatamodel */,
			);
			currentVersion = 9B6AABAF24AA4A1500091B62 /* TJProj.xcdatamodel */;
			path = TJProj.xcdatamodeld;
			sourceTree = "<group>";
			versionGroupType = wrapper.xcdatamodel;
		};
/* End XCVersionGroup section */
	};
	rootObject = 9B6AAB9A24AA4A1400091B62 /* Project object */;
}
